
Microsoft Visual Studio Solution File, Format Version 12.00
# Visual Studio Version 17
VisualStudioVersion = 17.4.33213.308
MinimumVisualStudioVersion = 10.0.40219.1
Project("{2150E333-8FDC-42A3-9474-1A3956D46DE8}") = "Microservices", "Microservices", "{A22DF797-3D11-4DFE-9DC9-FFB88E43F6DC}"
EndProject
Project("{2150E333-8FDC-42A3-9474-1A3956D46DE8}") = "UnitTest", "UnitTest", "{18A5FF8B-FB67-4CBD-A2E3-0726046FDF07}"
EndProject
Project("{2150E333-8FDC-42A3-9474-1A3956D46DE8}") = "Application", "Application", "{BD618D33-952D-4313-B382-C168F77805FD}"
EndProject
Project("{2150E333-8FDC-42A3-9474-1A3956D46DE8}") = "0.Core", "0.Core", "{CEB56BAA-5865-4AA7-A879-660793966FC1}"
EndProject
Project("{9A19103F-16F7-4668-BE54-9A1E7A4F7556}") = "Shared", "Shared\Shared.csproj", "{A3B57014-B761-47AA-9882-207ACF6757D2}"
EndProject
Project("{9A19103F-16F7-4668-BE54-9A1E7A4F7556}") = "AccountMicroservice", "AccountMicroservice\AccountMicroservice.csproj", "{2761B4B9-5FEC-47DB-9C9A-DF77AC12853B}"
EndProject
Project("{9A19103F-16F7-4668-BE54-9A1E7A4F7556}") = "DTO", "DTO\DTO.csproj", "{6B6BF60F-6F04-47FA-BBF7-AC290190AB21}"
EndProject
Project("{9A19103F-16F7-4668-BE54-9A1E7A4F7556}") = "Account.Data", "Account.Data\Account.Data.csproj", "{4DB0B015-4194-4322-8FD2-9886921A64F2}"
EndProject
Project("{9A19103F-16F7-4668-BE54-9A1E7A4F7556}") = "Transaction.Data", "Transaction.Data\Transaction.Data.csproj", "{4B7B928C-9C9B-4C89-AC1B-CC0D77FE5B7E}"
EndProject
Project("{9A19103F-16F7-4668-BE54-9A1E7A4F7556}") = "Account.Service", "Account.Service\Account.Service.csproj", "{7503AB91-ED31-4DEA-ABCE-ACE767908F65}"
EndProject
Project("{9A19103F-16F7-4668-BE54-9A1E7A4F7556}") = "Transaction.Service", "Transaction.Service\Transaction.Service.csproj", "{6FCF3260-3981-4CD3-9269-A861A8B076FA}"
EndProject
Project("{9A19103F-16F7-4668-BE54-9A1E7A4F7556}") = "TransactionMicroservice", "TransactionMicroservice\TransactionMicroservice.csproj", "{9BA61BCE-3CC1-4202-B5DC-AC8B119D120F}"
EndProject
Project("{2150E333-8FDC-42A3-9474-1A3956D46DE8}") = "1.AccountMicroservice", "1.AccountMicroservice", "{36A38D87-DD99-4303-812B-29162F210411}"
EndProject
Project("{2150E333-8FDC-42A3-9474-1A3956D46DE8}") = "2.TransactionMicroservice", "2.TransactionMicroservice", "{40640E9C-8208-4FF2-95C6-CF9D254BF6F6}"
EndProject
Project("{9A19103F-16F7-4668-BE54-9A1E7A4F7556}") = "BankApp", "BankApp\BankApp.csproj", "{53CFA328-2498-4F77-AF0B-8159DE3CBD22}"
EndProject
Project("{FAE04EC0-301F-11D3-BF4B-00C04F79EFBC}") = "XUnitTest", "XUnitTest\XUnitTest.csproj", "{D474585D-D415-48CB-8792-A37CAF813920}"
EndProject
Global
	GlobalSection(SolutionConfigurationPlatforms) = preSolution
		Debug|Any CPU = Debug|Any CPU
		Release|Any CPU = Release|Any CPU
	EndGlobalSection
	GlobalSection(ProjectConfigurationPlatforms) = postSolution
		{A3B57014-B761-47AA-9882-207ACF6757D2}.Debug|Any CPU.ActiveCfg = Debug|Any CPU
		{A3B57014-B761-47AA-9882-207ACF6757D2}.Debug|Any CPU.Build.0 = Debug|Any CPU
		{A3B57014-B761-47AA-9882-207ACF6757D2}.Release|Any CPU.ActiveCfg = Release|Any CPU
		{A3B57014-B761-47AA-9882-207ACF6757D2}.Release|Any CPU.Build.0 = Release|Any CPU
		{2761B4B9-5FEC-47DB-9C9A-DF77AC12853B}.Debug|Any CPU.ActiveCfg = Debug|Any CPU
		{2761B4B9-5FEC-47DB-9C9A-DF77AC12853B}.Debug|Any CPU.Build.0 = Debug|Any CPU
		{2761B4B9-5FEC-47DB-9C9A-DF77AC12853B}.Release|Any CPU.ActiveCfg = Release|Any CPU
		{2761B4B9-5FEC-47DB-9C9A-DF77AC12853B}.Release|Any CPU.Build.0 = Release|Any CPU
		{6B6BF60F-6F04-47FA-BBF7-AC290190AB21}.Debug|Any CPU.ActiveCfg = Debug|Any CPU
		{6B6BF60F-6F04-47FA-BBF7-AC290190AB21}.Debug|Any CPU.Build.0 = Debug|Any CPU
		{6B6BF60F-6F04-47FA-BBF7-AC290190AB21}.Release|Any CPU.ActiveCfg = Release|Any CPU
		{6B6BF60F-6F04-47FA-BBF7-AC290190AB21}.Release|Any CPU.Build.0 = Release|Any CPU
		{4DB0B015-4194-4322-8FD2-9886921A64F2}.Debug|Any CPU.ActiveCfg = Debug|Any CPU
		{4DB0B015-4194-4322-8FD2-9886921A64F2}.Debug|Any CPU.Build.0 = Debug|Any CPU
		{4DB0B015-4194-4322-8FD2-9886921A64F2}.Release|Any CPU.ActiveCfg = Release|Any CPU
		{4DB0B015-4194-4322-8FD2-9886921A64F2}.Release|Any CPU.Build.0 = Release|Any CPU
		{4B7B928C-9C9B-4C89-AC1B-CC0D77FE5B7E}.Debug|Any CPU.ActiveCfg = Debug|Any CPU
		{4B7B928C-9C9B-4C89-AC1B-CC0D77FE5B7E}.Debug|Any CPU.Build.0 = Debug|Any CPU
		{4B7B928C-9C9B-4C89-AC1B-CC0D77FE5B7E}.Release|Any CPU.ActiveCfg = Release|Any CPU
		{4B7B928C-9C9B-4C89-AC1B-CC0D77FE5B7E}.Release|Any CPU.Build.0 = Release|Any CPU
		{7503AB91-ED31-4DEA-ABCE-ACE767908F65}.Debug|Any CPU.ActiveCfg = Debug|Any CPU
		{7503AB91-ED31-4DEA-ABCE-ACE767908F65}.Debug|Any CPU.Build.0 = Debug|Any CPU
		{7503AB91-ED31-4DEA-ABCE-ACE767908F65}.Release|Any CPU.ActiveCfg = Release|Any CPU
		{7503AB91-ED31-4DEA-ABCE-ACE767908F65}.Release|Any CPU.Build.0 = Release|Any CPU
		{6FCF3260-3981-4CD3-9269-A861A8B076FA}.Debug|Any CPU.ActiveCfg = Debug|Any CPU
		{6FCF3260-3981-4CD3-9269-A861A8B076FA}.Debug|Any CPU.Build.0 = Debug|Any CPU
		{6FCF3260-3981-4CD3-9269-A861A8B076FA}.Release|Any CPU.ActiveCfg = Release|Any CPU
		{6FCF3260-3981-4CD3-9269-A861A8B076FA}.Release|Any CPU.Build.0 = Release|Any CPU
		{9BA61BCE-3CC1-4202-B5DC-AC8B119D120F}.Debug|Any CPU.ActiveCfg = Debug|Any CPU
		{9BA61BCE-3CC1-4202-B5DC-AC8B119D120F}.Debug|Any CPU.Build.0 = Debug|Any CPU
		{9BA61BCE-3CC1-4202-B5DC-AC8B119D120F}.Release|Any CPU.ActiveCfg = Release|Any CPU
		{9BA61BCE-3CC1-4202-B5DC-AC8B119D120F}.Release|Any CPU.Build.0 = Release|Any CPU
		{53CFA328-2498-4F77-AF0B-8159DE3CBD22}.Debug|Any CPU.ActiveCfg = Debug|Any CPU
		{53CFA328-2498-4F77-AF0B-8159DE3CBD22}.Debug|Any CPU.Build.0 = Debug|Any CPU
		{53CFA328-2498-4F77-AF0B-8159DE3CBD22}.Release|Any CPU.ActiveCfg = Release|Any CPU
		{53CFA328-2498-4F77-AF0B-8159DE3CBD22}.Release|Any CPU.Build.0 = Release|Any CPU
		{D474585D-D415-48CB-8792-A37CAF813920}.Debug|Any CPU.ActiveCfg = Debug|Any CPU
		{D474585D-D415-48CB-8792-A37CAF813920}.Debug|Any CPU.Build.0 = Debug|Any CPU
		{D474585D-D415-48CB-8792-A37CAF813920}.Release|Any CPU.ActiveCfg = Release|Any CPU
		{D474585D-D415-48CB-8792-A37CAF813920}.Release|Any CPU.Build.0 = Release|Any CPU
	EndGlobalSection
	GlobalSection(SolutionProperties) = preSolution
		HideSolutionNode = FALSE
	EndGlobalSection
	GlobalSection(NestedProjects) = preSolution
		{CEB56BAA-5865-4AA7-A879-660793966FC1} = {A22DF797-3D11-4DFE-9DC9-FFB88E43F6DC}
		{A3B57014-B761-47AA-9882-207ACF6757D2} = {CEB56BAA-5865-4AA7-A879-660793966FC1}
		{2761B4B9-5FEC-47DB-9C9A-DF77AC12853B} = {36A38D87-DD99-4303-812B-29162F210411}
		{6B6BF60F-6F04-47FA-BBF7-AC290190AB21} = {CEB56BAA-5865-4AA7-A879-660793966FC1}
		{4DB0B015-4194-4322-8FD2-9886921A64F2} = {36A38D87-DD99-4303-812B-29162F210411}
		{4B7B928C-9C9B-4C89-AC1B-CC0D77FE5B7E} = {40640E9C-8208-4FF2-95C6-CF9D254BF6F6}
		{7503AB91-ED31-4DEA-ABCE-ACE767908F65} = {36A38D87-DD99-4303-812B-29162F210411}
		{6FCF3260-3981-4CD3-9269-A861A8B076FA} = {40640E9C-8208-4FF2-95C6-CF9D254BF6F6}
		{9BA61BCE-3CC1-4202-B5DC-AC8B119D120F} = {40640E9C-8208-4FF2-95C6-CF9D254BF6F6}
		{36A38D87-DD99-4303-812B-29162F210411} = {A22DF797-3D11-4DFE-9DC9-FFB88E43F6DC}
		{40640E9C-8208-4FF2-95C6-CF9D254BF6F6} = {A22DF797-3D11-4DFE-9DC9-FFB88E43F6DC}
		{53CFA328-2498-4F77-AF0B-8159DE3CBD22} = {BD618D33-952D-4313-B382-C168F77805FD}
		{D474585D-D415-48CB-8792-A37CAF813920} = {18A5FF8B-FB67-4CBD-A2E3-0726046FDF07}
	EndGlobalSection
	GlobalSection(ExtensibilityGlobals) = postSolution
		SolutionGuid = {7984C46E-4835-4F15-89A4-1CE0A79800F1}
	EndGlobalSection
EndGlobal
