
Microsoft Visual Studio Solution File, Format Version 12.00
# Visual Studio Version 16
VisualStudioVersion = 16.0.31321.278
MinimumVisualStudioVersion = 10.0.40219.1
Project("{2150E333-8FDC-42A3-9474-1A3956D46DE8}") = "Microservices", "Microservices", "{A22DF797-3D11-4DFE-9DC9-FFB88E43F6DC}"
EndProject
Project("{2150E333-8FDC-42A3-9474-1A3956D46DE8}") = "UnitTest", "UnitTest", "{18A5FF8B-FB67-4CBD-A2E3-0726046FDF07}"
EndProject
Project("{2150E333-8FDC-42A3-9474-1A3956D46DE8}") = "Application", "Application", "{BD618D33-952D-4313-B382-C168F77805FD}"
EndProject
Project("{2150E333-8FDC-42A3-9474-1A3956D46DE8}") = "0.Core", "0.Core", "{CEB56BAA-5865-4AA7-A879-660793966FC1}"
EndProject
Project("{FAE04EC0-301F-11D3-BF4B-00C04F79EFBC}") = "Shared", "Shared\Shared.csproj", "{A3B57014-B761-47AA-9882-207ACF6757D2}"
Project("{9A19103F-16F7-4668-BE54-9A1E7A4F7556}") = "AccountMicroservice", "AccountMicroservice\AccountMicroservice.csproj", "{2761B4B9-5FEC-47DB-9C9A-DF77AC12853B}"
EndProject
Project("{FAE04EC0-301F-11D3-BF4B-00C04F79EFBC}") = "DTO", "DTO\DTO.csproj", "{6B6BF60F-6F04-47FA-BBF7-AC290190AB21}"
EndProject
Project("{9A19103F-16F7-4668-BE54-9A1E7A4F7556}") = "Account.Data", "Account.Data\Account.Data.csproj", "{4DB0B015-4194-4322-8FD2-9886921A64F2}"
EndProject
Project("{9A19103F-16F7-4668-BE54-9A1E7A4F7556}") = "Account.Service", "Account.Service\Account.Service.csproj", "{7503AB91-ED31-4DEA-ABCE-ACE767908F65}"
EndProject
Project("{2150E333-8FDC-42A3-9474-1A3956D46DE8}") = "0.Core", "0.Core", "{BE978D84-4828-4F58-9FE0-2B64D11E7446}"
EndProject
Global
	GlobalSection(SolutionConfigurationPlatforms) = preSolution
		Debug|Any CPU = Debug|Any CPU
		Release|Any CPU = Release|Any CPU
	EndGlobalSection
	GlobalSection(ProjectConfigurationPlatforms) = postSolution
		{2761B4B9-5FEC-47DB-9C9A-DF77AC12853B}.Debug|Any CPU.ActiveCfg = Debug|Any CPU
		{2761B4B9-5FEC-47DB-9C9A-DF77AC12853B}.Debug|Any CPU.Build.0 = Debug|Any CPU
		{2761B4B9-5FEC-47DB-9C9A-DF77AC12853B}.Release|Any CPU.ActiveCfg = Release|Any CPU
		{2761B4B9-5FEC-47DB-9C9A-DF77AC12853B}.Release|Any CPU.Build.0 = Release|Any CPU
		{4DB0B015-4194-4322-8FD2-9886921A64F2}.Debug|Any CPU.ActiveCfg = Debug|Any CPU
		{4DB0B015-4194-4322-8FD2-9886921A64F2}.Debug|Any CPU.Build.0 = Debug|Any CPU
		{4DB0B015-4194-4322-8FD2-9886921A64F2}.Release|Any CPU.ActiveCfg = Release|Any CPU
		{4DB0B015-4194-4322-8FD2-9886921A64F2}.Release|Any CPU.Build.0 = Release|Any CPU
		{7503AB91-ED31-4DEA-ABCE-ACE767908F65}.Debug|Any CPU.ActiveCfg = Debug|Any CPU
		{7503AB91-ED31-4DEA-ABCE-ACE767908F65}.Debug|Any CPU.Build.0 = Debug|Any CPU
		{7503AB91-ED31-4DEA-ABCE-ACE767908F65}.Release|Any CPU.ActiveCfg = Release|Any CPU
		{7503AB91-ED31-4DEA-ABCE-ACE767908F65}.Release|Any CPU.Build.0 = Release|Any CPU
		{A3B57014-B761-47AA-9882-207ACF6757D2}.Debug|Any CPU.ActiveCfg = Debug|Any CPU
		{A3B57014-B761-47AA-9882-207ACF6757D2}.Debug|Any CPU.Build.0 = Debug|Any CPU
		{A3B57014-B761-47AA-9882-207ACF6757D2}.Release|Any CPU.ActiveCfg = Release|Any CPU
		{A3B57014-B761-47AA-9882-207ACF6757D2}.Release|Any CPU.Build.0 = Release|Any CPU
		{6B6BF60F-6F04-47FA-BBF7-AC290190AB21}.Debug|Any CPU.ActiveCfg = Debug|Any CPU
		{6B6BF60F-6F04-47FA-BBF7-AC290190AB21}.Debug|Any CPU.Build.0 = Debug|Any CPU
		{6B6BF60F-6F04-47FA-BBF7-AC290190AB21}.Release|Any CPU.ActiveCfg = Release|Any CPU
		{6B6BF60F-6F04-47FA-BBF7-AC290190AB21}.Release|Any CPU.Build.0 = Release|Any CPU
	EndGlobalSection
	GlobalSection(SolutionProperties) = preSolution
		HideSolutionNode = FALSE
	EndGlobalSection
	GlobalSection(NestedProjects) = preSolution
		{02088C94-DE5F-43AE-A19D-A0290C2BB32F} = {A22DF797-3D11-4DFE-9DC9-FFB88E43F6DC}
		{2761B4B9-5FEC-47DB-9C9A-DF77AC12853B} = {02088C94-DE5F-43AE-A19D-A0290C2BB32F}
		{4DB0B015-4194-4322-8FD2-9886921A64F2} = {02088C94-DE5F-43AE-A19D-A0290C2BB32F}
		{7503AB91-ED31-4DEA-ABCE-ACE767908F65} = {02088C94-DE5F-43AE-A19D-A0290C2BB32F}
		{BE978D84-4828-4F58-9FE0-2B64D11E7446} = {A22DF797-3D11-4DFE-9DC9-FFB88E43F6DC}
		{CEB56BAA-5865-4AA7-A879-660793966FC1} = {A22DF797-3D11-4DFE-9DC9-FFB88E43F6DC}
		{A3B57014-B761-47AA-9882-207ACF6757D2} = {CEB56BAA-5865-4AA7-A879-660793966FC1}
		{6B6BF60F-6F04-47FA-BBF7-AC290190AB21} = {CEB56BAA-5865-4AA7-A879-660793966FC1}
	EndGlobalSection
	GlobalSection(ExtensibilityGlobals) = postSolution
		SolutionGuid = {7984C46E-4835-4F15-89A4-1CE0A79800F1}
	EndGlobalSection
EndGlobal
